{
  "name": "rtpsctaxplatform",
  "version": "0.1.0",
  "lockfileVersion": 3,
  "requires": true,
  "packages": {
    "": {
      "name": "rtpsctaxplatform",
      "version": "0.1.0",
      "workspaces": [
        "packages/*",
        "services/*",
        "workers/*",
        "pipelines/*",
        "engines/*",
        "workflows/*"
      ],
      "engines": {
        "node": ">=22"
      }
    },
    "engines/analytics-center": {
      "name": "@rtp/analytics-center",
      "version": "0.1.0"
    },
    "engines/refund-intelligence-engine": {
      "name": "@rtp/refund-intelligence-engine",
      "version": "0.1.0"
    },
    "engines/tc-code-engine": {
      "name": "@rtp/tc-code-engine",
      "version": "0.1.0"
    },
    "node_modules/@rtp/analytics-center": {
      "resolved": "engines/analytics-center",
      "link": true
    },
    "node_modules/@rtp/analytics-service": {
      "resolved": "services/analytics-service",
      "link": true
    },
    "node_modules/@rtp/api-gateway": {
      "resolved": "services/api-gateway",
      "link": true
    },
    "node_modules/@rtp/client-config": {
      "resolved": "packages/client-config",
      "link": true
    },
    "node_modules/@rtp/live-source-fetcher": {
      "resolved": "workers/live-source-fetcher",
      "link": true
    },
    "node_modules/@rtp/masterfile-pipeline": {
      "resolved": "pipelines/masterfile-pipeline",
      "link": true
    },
    "node_modules/@rtp/platform-core": {
      "resolved": "packages/platform-core",
      "link": true
    },
    "node_modules/@rtp/refund-intelligence-engine": {
      "resolved": "engines/refund-intelligence-engine",
      "link": true
    },
    "node_modules/@rtp/refund-status-pipeline": {
      "resolved": "pipelines/refund-status-pipeline",
      "link": true
    },
    "node_modules/@rtp/refund-status-service": {
      "resolved": "services/refund-status-service",
      "link": true
    },
    "node_modules/@rtp/refund-status-workflow": {
      "resolved": "workflows/refund-status-workflow",
      "link": true
    },
    "node_modules/@rtp/secure-tunnel": {
      "resolved": "packages/secure-tunnel",
      "link": true
    },
    "node_modules/@rtp/tc-code-engine": {
      "resolved": "engines/tc-code-engine",
      "link": true
    },
    "node_modules/@rtp/tds-worker": {
      "resolved": "workers/tds-worker",
      "link": true
    },
    "node_modules/@rtp/transcript-intake-workflow": {
      "resolved": "workflows/transcript-intake-workflow",
      "link": true
    },
    "node_modules/@rtp/transcript-pull-worker": {
      "resolved": "workers/transcript-pull-worker",
      "link": true
    },
    "node_modules/@rtp/transcript-service": {
      "resolved": "services/transcript-service",
      "link": true
    },
    "node_modules/@rtp/transmission-pipeline": {
      "resolved": "pipelines/transmission-pipeline",
      "link": true
    },
    "node_modules/@rtp/transmission-workflow": {
      "resolved": "workflows/transmission-workflow",
      "link": true
    },
    "node_modules/@rtp/workflow-dashboard": {
      "resolved": "services/workflow-dashboard",
      "link": true
    },
    "node_modules/@rtp/workflow-engine": {
      "resolved": "packages/workflow-engine",
      "link": true
    },
    "packages/client-config": {
      "name": "@rtp/client-config",
      "version": "0.1.0"
    },
    "packages/platform-core": {
      "name": "@rtp/platform-core",
      "version": "0.1.0"
    },
    "packages/secure-tunnel": {
      "name": "@rtp/secure-tunnel",
      "version": "0.1.0"
    },
    "packages/workflow-engine": {
      "name": "@rtp/workflow-engine",
      "version": "0.1.0"
    },
    "pipelines/masterfile-pipeline": {
      "name": "@rtp/masterfile-pipeline",
      "version": "0.1.0"
    },
    "pipelines/refund-status-pipeline": {
      "name": "@rtp/refund-status-pipeline",
      "version": "0.1.0"
    },
    "pipelines/transmission-pipeline": {
      "name": "@rtp/transmission-pipeline",
      "version": "0.1.0"
    },
    "services/analytics-service": {
      "name": "@rtp/analytics-service",
      "version": "0.1.0"
    },
    "services/api-gateway": {
      "name": "@rtp/api-gateway",
      "version": "0.1.0"
    },
    "services/refund-status-service": {
      "name": "@rtp/refund-status-service",
      "version": "0.1.0"
    },
    "services/transcript-service": {
      "name": "@rtp/transcript-service",
      "version": "0.1.0"
    },
    "services/workflow-dashboard": {
      "name": "@rtp/workflow-dashboard",
      "version": "0.1.0"
    },
    "workers/live-source-fetcher": {
      "name": "@rtp/live-source-fetcher",
      "version": "0.1.0"
    },
    "workers/tds-worker": {
      "name": "@rtp/tds-worker",
      "version": "0.1.0"
    },
    "workers/transcript-pull-worker": {
      "name": "@rtp/transcript-pull-worker",
      "version": "0.1.0"
    },
    "workflows/refund-status-workflow": {
      "name": "@rtp/refund-status-workflow",
      "version": "0.1.0"
    },
    "workflows/transcript-intake-workflow": {
      "name": "@rtp/transcript-intake-workflow",
      "version": "0.1.0"
    },
    "workflows/transmission-workflow": {
      "name": "@rtp/transmission-workflow",
      "version": "0.1.0"
    }
  }
}
